
Microsoft Visual Studio Solution File, Format Version 12.00
# Visual Studio Version 17
VisualStudioVersion = 17.13.35825.156 d17.13
MinimumVisualStudioVersion = 10.0.40219.1
Project("{FAE04EC0-301F-11D3-BF4B-00C04F79EFBC}") = "PrimeiroProjetoAlura", "PrimeiroProjetoAlura.csproj", "{9654204D-22A6-4F9B-B9A5-D13D7A8D07DD}"
EndProject
Global
	GlobalSection(SolutionConfigurationPlatforms) = preSolution
		Debug|Any CPU = Debug|Any CPU
		Release|Any CPU = Release|Any CPU
	EndGlobalSection
	GlobalSection(ProjectConfigurationPlatforms) = postSolution
		{9654204D-22A6-4F9B-B9A5-D13D7A8D07DD}.Debug|Any CPU.ActiveCfg = Debug|Any CPU
		{9654204D-22A6-4F9B-B9A5-D13D7A8D07DD}.Debug|Any CPU.Build.0 = Debug|Any CPU
		{9654204D-22A6-4F9B-B9A5-D13D7A8D07DD}.Release|Any CPU.ActiveCfg = Release|Any CPU
		{9654204D-22A6-4F9B-B9A5-D13D7A8D07DD}.Release|Any CPU.Build.0 = Release|Any CPU
	EndGlobalSection
	GlobalSection(SolutionProperties) = preSolution
		HideSolutionNode = FALSE
	EndGlobalSection
	GlobalSection(ExtensibilityGlobals) = postSolution
		SolutionGuid = {52781EF1-D7A1-4821-8C67-D516547D5C29}
	EndGlobalSection
EndGlobal
